PODS:
  - AFNetworking (3.1.0):
    - AFNetworking/NSURLSession (= 3.1.0)
    - AFNetworking/Reachability (= 3.1.0)
    - AFNetworking/Security (= 3.1.0)
    - AFNetworking/Serialization (= 3.1.0)
    - AFNetworking/UIKit (= 3.1.0)
  - AFNetworking/NSURLSession (3.1.0):
    - AFNetworking/Reachability
    - AFNetworking/Security
    - AFNetworking/Serialization
  - AFNetworking/Reachability (3.1.0)
  - AFNetworking/Security (3.1.0)
  - AFNetworking/Serialization (3.1.0)
  - AFNetworking/UIKit (3.1.0):
    - AFNetworking/NSURLSession
  - AMap3DMap-NO-IDFA (5.1.0):
    - AMapFoundation-NO-IDFA (~> 1.3)
  - AMapFoundation-NO-IDFA (1.4.0)
  - AMapLocation-NO-IDFA (2.4.0):
    - AMapFoundation-NO-IDFA (~> 1.4)
  - AMapNavi-NO-IDFA (5.0.1):
    - AMap3DMap-NO-IDFA (~> 5.0)
    - AMapFoundation-NO-IDFA (~> 1.3)
  - IQKeyboardManager (4.0.10)
  - JCore (1.1.3)
  - JPush (3.0.5):
    - JCore (~> 1.1.1)
  - Masonry (1.0.2)
  - MBProgressHUD (0.9.2)
  - MJExtension (3.0.13)
  - MJRefresh (3.1.12)
  - SDWebImage (4.0.0):
    - SDWebImage/Core (= 4.0.0)
  - SDWebImage/Core (4.0.0)
  - TZImagePickerController (1.8.0)

DEPENDENCIES:
  - AFNetworking
  - AMapLocation-NO-IDFA
  - AMapNavi-NO-IDFA
  - IQKeyboardManager
  - JPush
  - Masonry
  - MBProgressHUD (~> 0.9.1)
  - MJExtension
  - MJRefresh (~> 3.1.12)
  - SDWebImage
  - TZImagePickerController

SPEC CHECKSUMS:
  AFNetworking: 5e0e199f73d8626b11e79750991f5d173d1f8b67
  AMap3DMap-NO-IDFA: bc882c542593e9c323b390141e404fb231eb58d6
  AMapFoundation-NO-IDFA: d1ba541a56737c2048115a745b1dfcbe9901c248
  AMapLocation-NO-IDFA: 9493012d3241a7d551942c7c1e1069b51f295083
  AMapNavi-NO-IDFA: 3620c6b9d06364d912b016b89ba656a1bab02fd3
  IQKeyboardManager: 593ee99b88381f4b9ccb22bd680f22606351bd41
  JCore: dff3c50e9a7522a508cd9096ca79165968e1aed3
  JPush: dd0b776998aa705a6242b947bf72e5a640387cfe
  Masonry: 7c429b56da9d4ee0bbb3ed77a5ea710d6a5df39e
  MBProgressHUD: 1569cf7ace17a8bac47aabfbb8580a49690386d1
  MJExtension: 5932755f451458eefa24239358817f8d291240c7
  MJRefresh: b96cdb21c4aa75a7b07654311ab2f315c497e806
  SDWebImage: 76a6348bdc74eb5a55dd08a091ef298e56b55e41
  TZImagePickerController: 2a74f34f116e8229264e2afc122b0d8d4683c626

PODFILE CHECKSUM: 77dcdba5b1d9bb7452d090b9ee605898dee993c1

COCOAPODS: 1.2.1
